
Microsoft Visual Studio Solution File, Format Version 12.00
# Visual Studio Version 16
VisualStudioVersion = 16.0.31005.135
MinimumVisualStudioVersion = 10.0.40219.1
Project("{9A19103F-16F7-4668-BE54-9A1E7A4F7556}") = "VisualTest", "VisualTest\VisualTest.csproj", "{DA487907-4157-4798-8C78-2333A728F952}"
EndProject
Project("{9A19103F-16F7-4668-BE54-9A1E7A4F7556}") = "Mvvm.Core.CodeGenerator", "Mvvm.Core.CodeGenerator\Mvvm.Core.CodeGenerator.csproj", "{736E0826-CCD1-4F4E-ADEF-C2E2139778EA}"
EndProject
Project("{9A19103F-16F7-4668-BE54-9A1E7A4F7556}") = "MVVM.Validation", "MVVM.Validation\MVVM.Validation.csproj", "{6F96368D-6D2B-4C62-8499-3733EFE59010}"
EndProject
Project("{9A19103F-16F7-4668-BE54-9A1E7A4F7556}") = "SIM.Mvvm.Test", "Mvvm.Core.Test\SIM.Mvvm.Test.csproj", "{ABB00320-F180-40AB-A2E3-8BA47460259C}"
EndProject
Project("{FAE04EC0-301F-11D3-BF4B-00C04F79EFBC}") = "Mvvm.Core.CodeGenerator.Tests", "Mvvm.Core.CodeGeneration.Tests\Mvvm.Core.CodeGenerator.Tests.csproj", "{85051C06-CD27-4FC2-90AC-9FA2542A57B8}"
EndProject
Project("{9A19103F-16F7-4668-BE54-9A1E7A4F7556}") = "SIM.Mvvm", "SIM.Mvvm\SIM.Mvvm.csproj", "{46B1EFB2-2465-487C-9211-91B8DD5C5923}"
EndProject
Global
	GlobalSection(SolutionConfigurationPlatforms) = preSolution
		Debug|Any CPU = Debug|Any CPU
		Release|Any CPU = Release|Any CPU
	EndGlobalSection
	GlobalSection(ProjectConfigurationPlatforms) = postSolution
		{DA487907-4157-4798-8C78-2333A728F952}.Debug|Any CPU.ActiveCfg = Debug|Any CPU
		{DA487907-4157-4798-8C78-2333A728F952}.Debug|Any CPU.Build.0 = Debug|Any CPU
		{DA487907-4157-4798-8C78-2333A728F952}.Release|Any CPU.ActiveCfg = Release|Any CPU
		{DA487907-4157-4798-8C78-2333A728F952}.Release|Any CPU.Build.0 = Release|Any CPU
		{736E0826-CCD1-4F4E-ADEF-C2E2139778EA}.Debug|Any CPU.ActiveCfg = Debug|Any CPU
		{736E0826-CCD1-4F4E-ADEF-C2E2139778EA}.Debug|Any CPU.Build.0 = Debug|Any CPU
		{736E0826-CCD1-4F4E-ADEF-C2E2139778EA}.Release|Any CPU.ActiveCfg = Release|Any CPU
		{736E0826-CCD1-4F4E-ADEF-C2E2139778EA}.Release|Any CPU.Build.0 = Release|Any CPU
		{6F96368D-6D2B-4C62-8499-3733EFE59010}.Debug|Any CPU.ActiveCfg = Debug|Any CPU
		{6F96368D-6D2B-4C62-8499-3733EFE59010}.Debug|Any CPU.Build.0 = Debug|Any CPU
		{6F96368D-6D2B-4C62-8499-3733EFE59010}.Release|Any CPU.ActiveCfg = Release|Any CPU
		{6F96368D-6D2B-4C62-8499-3733EFE59010}.Release|Any CPU.Build.0 = Release|Any CPU
		{ABB00320-F180-40AB-A2E3-8BA47460259C}.Debug|Any CPU.ActiveCfg = Debug|Any CPU
		{ABB00320-F180-40AB-A2E3-8BA47460259C}.Debug|Any CPU.Build.0 = Debug|Any CPU
		{ABB00320-F180-40AB-A2E3-8BA47460259C}.Release|Any CPU.ActiveCfg = Release|Any CPU
		{ABB00320-F180-40AB-A2E3-8BA47460259C}.Release|Any CPU.Build.0 = Release|Any CPU
		{85051C06-CD27-4FC2-90AC-9FA2542A57B8}.Debug|Any CPU.ActiveCfg = Debug|Any CPU
		{85051C06-CD27-4FC2-90AC-9FA2542A57B8}.Debug|Any CPU.Build.0 = Debug|Any CPU
		{85051C06-CD27-4FC2-90AC-9FA2542A57B8}.Release|Any CPU.ActiveCfg = Release|Any CPU
		{85051C06-CD27-4FC2-90AC-9FA2542A57B8}.Release|Any CPU.Build.0 = Release|Any CPU
		{46B1EFB2-2465-487C-9211-91B8DD5C5923}.Debug|Any CPU.ActiveCfg = Debug|Any CPU
		{46B1EFB2-2465-487C-9211-91B8DD5C5923}.Debug|Any CPU.Build.0 = Debug|Any CPU
		{46B1EFB2-2465-487C-9211-91B8DD5C5923}.Release|Any CPU.ActiveCfg = Release|Any CPU
		{46B1EFB2-2465-487C-9211-91B8DD5C5923}.Release|Any CPU.Build.0 = Release|Any CPU
	EndGlobalSection
	GlobalSection(SolutionProperties) = preSolution
		HideSolutionNode = FALSE
	EndGlobalSection
	GlobalSection(ExtensibilityGlobals) = postSolution
		SolutionGuid = {BD66C403-8E38-41C5-91AF-FB13F70B11C5}
	EndGlobalSection
EndGlobal
