
Microsoft Visual Studio Solution File, Format Version 12.00
# Visual Studio Version 16
VisualStudioVersion = 16.0.31005.135
MinimumVisualStudioVersion = 10.0.40219.1
Project("{9A19103F-16F7-4668-BE54-9A1E7A4F7556}") = "SIM.Mvvm", "SIM.Mvvm\SIM.Mvvm.csproj", "{46B1EFB2-2465-487C-9211-91B8DD5C5923}"
EndProject
Project("{9A19103F-16F7-4668-BE54-9A1E7A4F7556}") = "SIM.Mvvm.Test", "SIM.Mvvm.Test\SIM.Mvvm.Test.csproj", "{ABB00320-F180-40AB-A2E3-8BA47460259C}"
EndProject
Project("{9A19103F-16F7-4668-BE54-9A1E7A4F7556}") = "SIM.Mvvm.CodeGenerator", "SIM.Mvvm.CodeGenerator\SIM.Mvvm.CodeGenerator.csproj", "{736E0826-CCD1-4F4E-ADEF-C2E2139778EA}"
EndProject
Project("{9A19103F-16F7-4668-BE54-9A1E7A4F7556}") = "SIM.Mvvm.CodeGenerator.Tests", "SIM.Mvvm.CodeGeneration.Tests\SIM.Mvvm.CodeGenerator.Tests.csproj", "{85051C06-CD27-4FC2-90AC-9FA2542A57B8}"
EndProject
Project("{9A19103F-16F7-4668-BE54-9A1E7A4F7556}") = "SIM.Mvvm.Validation", "SIM.Mvvm.Validation\SIM.Mvvm.Validation.csproj", "{6F96368D-6D2B-4C62-8499-3733EFE59010}"
EndProject
Project("{9A19103F-16F7-4668-BE54-9A1E7A4F7556}") = "SIM.Mvvm.Tree", "SIM.MVVM.Tree\SIM.Mvvm.Tree.csproj", "{A2B04DFC-FD18-4F23-8090-0F78338D3714}"
EndProject
Project("{9A19103F-16F7-4668-BE54-9A1E7A4F7556}") = "SIM.Mvvm.Tree.UI", "SIM.Mvvm.Tree.UI\SIM.Mvvm.Tree.UI.csproj", "{9DC9AA0D-357F-47AA-9B33-2ED10DD6843E}"
EndProject
Project("{9A19103F-16F7-4668-BE54-9A1E7A4F7556}") = "SIM.Mvvm.Abstraction", "SIM.Mvvm.Abstractions\SIM.Mvvm.Abstraction.csproj", "{52FD1852-1686-4624-AA55-FB88393DE357}"
EndProject
Global
	GlobalSection(SolutionConfigurationPlatforms) = preSolution
		Debug|Any CPU = Debug|Any CPU
		Release|Any CPU = Release|Any CPU
	EndGlobalSection
	GlobalSection(ProjectConfigurationPlatforms) = postSolution
		{46B1EFB2-2465-487C-9211-91B8DD5C5923}.Debug|Any CPU.ActiveCfg = Debug|Any CPU
		{46B1EFB2-2465-487C-9211-91B8DD5C5923}.Debug|Any CPU.Build.0 = Debug|Any CPU
		{46B1EFB2-2465-487C-9211-91B8DD5C5923}.Release|Any CPU.ActiveCfg = Release|Any CPU
		{46B1EFB2-2465-487C-9211-91B8DD5C5923}.Release|Any CPU.Build.0 = Release|Any CPU
		{ABB00320-F180-40AB-A2E3-8BA47460259C}.Debug|Any CPU.ActiveCfg = Debug|Any CPU
		{ABB00320-F180-40AB-A2E3-8BA47460259C}.Debug|Any CPU.Build.0 = Debug|Any CPU
		{ABB00320-F180-40AB-A2E3-8BA47460259C}.Release|Any CPU.ActiveCfg = Release|Any CPU
		{ABB00320-F180-40AB-A2E3-8BA47460259C}.Release|Any CPU.Build.0 = Release|Any CPU
		{736E0826-CCD1-4F4E-ADEF-C2E2139778EA}.Debug|Any CPU.ActiveCfg = Debug|Any CPU
		{736E0826-CCD1-4F4E-ADEF-C2E2139778EA}.Debug|Any CPU.Build.0 = Debug|Any CPU
		{736E0826-CCD1-4F4E-ADEF-C2E2139778EA}.Release|Any CPU.ActiveCfg = Release|Any CPU
		{736E0826-CCD1-4F4E-ADEF-C2E2139778EA}.Release|Any CPU.Build.0 = Release|Any CPU
		{85051C06-CD27-4FC2-90AC-9FA2542A57B8}.Debug|Any CPU.ActiveCfg = Debug|Any CPU
		{85051C06-CD27-4FC2-90AC-9FA2542A57B8}.Debug|Any CPU.Build.0 = Debug|Any CPU
		{85051C06-CD27-4FC2-90AC-9FA2542A57B8}.Release|Any CPU.ActiveCfg = Release|Any CPU
		{85051C06-CD27-4FC2-90AC-9FA2542A57B8}.Release|Any CPU.Build.0 = Release|Any CPU
		{6F96368D-6D2B-4C62-8499-3733EFE59010}.Debug|Any CPU.ActiveCfg = Debug|Any CPU
		{6F96368D-6D2B-4C62-8499-3733EFE59010}.Debug|Any CPU.Build.0 = Debug|Any CPU
		{6F96368D-6D2B-4C62-8499-3733EFE59010}.Release|Any CPU.ActiveCfg = Release|Any CPU
		{6F96368D-6D2B-4C62-8499-3733EFE59010}.Release|Any CPU.Build.0 = Release|Any CPU
		{A2B04DFC-FD18-4F23-8090-0F78338D3714}.Debug|Any CPU.ActiveCfg = Debug|Any CPU
		{A2B04DFC-FD18-4F23-8090-0F78338D3714}.Debug|Any CPU.Build.0 = Debug|Any CPU
		{A2B04DFC-FD18-4F23-8090-0F78338D3714}.Release|Any CPU.ActiveCfg = Release|Any CPU
		{A2B04DFC-FD18-4F23-8090-0F78338D3714}.Release|Any CPU.Build.0 = Release|Any CPU
		{9DC9AA0D-357F-47AA-9B33-2ED10DD6843E}.Debug|Any CPU.ActiveCfg = Debug|Any CPU
		{9DC9AA0D-357F-47AA-9B33-2ED10DD6843E}.Debug|Any CPU.Build.0 = Debug|Any CPU
		{9DC9AA0D-357F-47AA-9B33-2ED10DD6843E}.Release|Any CPU.ActiveCfg = Release|Any CPU
		{9DC9AA0D-357F-47AA-9B33-2ED10DD6843E}.Release|Any CPU.Build.0 = Release|Any CPU
		{52FD1852-1686-4624-AA55-FB88393DE357}.Debug|Any CPU.ActiveCfg = Debug|Any CPU
		{52FD1852-1686-4624-AA55-FB88393DE357}.Debug|Any CPU.Build.0 = Debug|Any CPU
		{52FD1852-1686-4624-AA55-FB88393DE357}.Release|Any CPU.ActiveCfg = Release|Any CPU
		{52FD1852-1686-4624-AA55-FB88393DE357}.Release|Any CPU.Build.0 = Release|Any CPU
	EndGlobalSection
	GlobalSection(SolutionProperties) = preSolution
		HideSolutionNode = FALSE
	EndGlobalSection
	GlobalSection(ExtensibilityGlobals) = postSolution
		SolutionGuid = {BD66C403-8E38-41C5-91AF-FB13F70B11C5}
	EndGlobalSection
EndGlobal
